
Microsoft Visual Studio Solution File, Format Version 12.00
# Visual Studio Version 17
VisualStudioVersion = 17.6.33815.320
MinimumVisualStudioVersion = 10.0.40219.1
Project("{FAE04EC0-301F-11D3-BF4B-00C04F79EFBC}") = "SetTimer", "SetTimer\SetTimer.csproj", "{40BEC23F-9DC7-4A52-B646-92565F66566C}"
EndProject
Global
	GlobalSection(SolutionConfigurationPlatforms) = preSolution
		Debug|Any CPU = Debug|Any CPU
		Release|Any CPU = Release|Any CPU
	EndGlobalSection
	GlobalSection(ProjectConfigurationPlatforms) = postSolution
		{40BEC23F-9DC7-4A52-B646-92565F66566C}.Debug|Any CPU.ActiveCfg = Debug|Any CPU
		{40BEC23F-9DC7-4A52-B646-92565F66566C}.Debug|Any CPU.Build.0 = Debug|Any CPU
		{40BEC23F-9DC7-4A52-B646-92565F66566C}.Release|Any CPU.ActiveCfg = Release|Any CPU
		{40BEC23F-9DC7-4A52-B646-92565F66566C}.Release|Any CPU.Build.0 = Release|Any CPU
	EndGlobalSection
	GlobalSection(SolutionProperties) = preSolution
		HideSolutionNode = FALSE
	EndGlobalSection
	GlobalSection(ExtensibilityGlobals) = postSolution
		SolutionGuid = {6D4FE95D-6E16-4122-99DA-4157F9E771EC}
	EndGlobalSection
EndGlobal
