
Microsoft Visual Studio Solution File, Format Version 12.00
# Visual Studio Version 17
VisualStudioVersion = 17.6.33815.320
MinimumVisualStudioVersion = 10.0.40219.1
Project("{FAE04EC0-301F-11D3-BF4B-00C04F79EFBC}") = "BaiTap3.1", "BaiTap3.1\BaiTap3.1.csproj", "{07E71E5D-4320-42B9-9A24-C34E24947AA5}"
EndProject
Global
	GlobalSection(SolutionConfigurationPlatforms) = preSolution
		Debug|Any CPU = Debug|Any CPU
		Release|Any CPU = Release|Any CPU
	EndGlobalSection
	GlobalSection(ProjectConfigurationPlatforms) = postSolution
		{07E71E5D-4320-42B9-9A24-C34E24947AA5}.Debug|Any CPU.ActiveCfg = Debug|Any CPU
		{07E71E5D-4320-42B9-9A24-C34E24947AA5}.Debug|Any CPU.Build.0 = Debug|Any CPU
		{07E71E5D-4320-42B9-9A24-C34E24947AA5}.Release|Any CPU.ActiveCfg = Release|Any CPU
		{07E71E5D-4320-42B9-9A24-C34E24947AA5}.Release|Any CPU.Build.0 = Release|Any CPU
	EndGlobalSection
	GlobalSection(SolutionProperties) = preSolution
		HideSolutionNode = FALSE
	EndGlobalSection
	GlobalSection(ExtensibilityGlobals) = postSolution
		SolutionGuid = {C2B669D2-4C43-44BF-882D-8A3EAF277CE4}
	EndGlobalSection
EndGlobal
