
Microsoft Visual Studio Solution File, Format Version 12.00
# Visual Studio Version 17
VisualStudioVersion = 17.6.33815.320
MinimumVisualStudioVersion = 10.0.40219.1
Project("{FAE04EC0-301F-11D3-BF4B-00C04F79EFBC}") = "RandBall_Game", "RandBall_Game\RandBall_Game.csproj", "{D49AEEF7-45BC-47BE-9817-31234A3C5FCC}"
EndProject
Global
	GlobalSection(SolutionConfigurationPlatforms) = preSolution
		Debug|Any CPU = Debug|Any CPU
		Release|Any CPU = Release|Any CPU
	EndGlobalSection
	GlobalSection(ProjectConfigurationPlatforms) = postSolution
		{D49AEEF7-45BC-47BE-9817-31234A3C5FCC}.Debug|Any CPU.ActiveCfg = Debug|Any CPU
		{D49AEEF7-45BC-47BE-9817-31234A3C5FCC}.Debug|Any CPU.Build.0 = Debug|Any CPU
		{D49AEEF7-45BC-47BE-9817-31234A3C5FCC}.Release|Any CPU.ActiveCfg = Release|Any CPU
		{D49AEEF7-45BC-47BE-9817-31234A3C5FCC}.Release|Any CPU.Build.0 = Release|Any CPU
	EndGlobalSection
	GlobalSection(SolutionProperties) = preSolution
		HideSolutionNode = FALSE
	EndGlobalSection
	GlobalSection(ExtensibilityGlobals) = postSolution
		SolutionGuid = {B917C5CF-63A0-4E73-A943-15357F5226C0}
	EndGlobalSection
EndGlobal
