
Microsoft Visual Studio Solution File, Format Version 12.00
# Visual Studio Version 17
VisualStudioVersion = 17.6.33815.320
MinimumVisualStudioVersion = 10.0.40219.1
Project("{FAE04EC0-301F-11D3-BF4B-00C04F79EFBC}") = "QLSV", "QLSV\QLSV.csproj", "{700C2B63-AFAB-4358-87AA-6C075773DD2C}"
EndProject
Global
	GlobalSection(SolutionConfigurationPlatforms) = preSolution
		Debug|Any CPU = Debug|Any CPU
		Release|Any CPU = Release|Any CPU
	EndGlobalSection
	GlobalSection(ProjectConfigurationPlatforms) = postSolution
		{700C2B63-AFAB-4358-87AA-6C075773DD2C}.Debug|Any CPU.ActiveCfg = Debug|Any CPU
		{700C2B63-AFAB-4358-87AA-6C075773DD2C}.Debug|Any CPU.Build.0 = Debug|Any CPU
		{700C2B63-AFAB-4358-87AA-6C075773DD2C}.Release|Any CPU.ActiveCfg = Release|Any CPU
		{700C2B63-AFAB-4358-87AA-6C075773DD2C}.Release|Any CPU.Build.0 = Release|Any CPU
	EndGlobalSection
	GlobalSection(SolutionProperties) = preSolution
		HideSolutionNode = FALSE
	EndGlobalSection
	GlobalSection(ExtensibilityGlobals) = postSolution
		SolutionGuid = {711491C5-441B-4CE9-96FB-DACBA30E046B}
	EndGlobalSection
EndGlobal
