
Microsoft Visual Studio Solution File, Format Version 12.00
# Visual Studio Version 17
VisualStudioVersion = 17.6.33815.320
MinimumVisualStudioVersion = 10.0.40219.1
Project("{9A19103F-16F7-4668-BE54-9A1E7A4F7556}") = "BaiTap1.2", "FractionOperators\BaiTap1.2.csproj", "{EC5DB041-D88D-4BE1-AEA2-7D2DB8120ED1}"
EndProject
Global
	GlobalSection(SolutionConfigurationPlatforms) = preSolution
		Debug|Any CPU = Debug|Any CPU
		Release|Any CPU = Release|Any CPU
	EndGlobalSection
	GlobalSection(ProjectConfigurationPlatforms) = postSolution
		{EC5DB041-D88D-4BE1-AEA2-7D2DB8120ED1}.Debug|Any CPU.ActiveCfg = Debug|Any CPU
		{EC5DB041-D88D-4BE1-AEA2-7D2DB8120ED1}.Debug|Any CPU.Build.0 = Debug|Any CPU
		{EC5DB041-D88D-4BE1-AEA2-7D2DB8120ED1}.Release|Any CPU.ActiveCfg = Release|Any CPU
		{EC5DB041-D88D-4BE1-AEA2-7D2DB8120ED1}.Release|Any CPU.Build.0 = Release|Any CPU
	EndGlobalSection
	GlobalSection(SolutionProperties) = preSolution
		HideSolutionNode = FALSE
	EndGlobalSection
	GlobalSection(ExtensibilityGlobals) = postSolution
		SolutionGuid = {B199B909-D7CA-4007-B2BA-9B77AA19BEAE}
	EndGlobalSection
EndGlobal
